
Microsoft Visual Studio Solution File, Format Version 12.00
# Visual Studio Version 17
VisualStudioVersion = 17.8.34525.116
MinimumVisualStudioVersion = 10.0.40219.1
Project("{9A19103F-16F7-4668-BE54-9A1E7A4F7556}") = "ClassLibrary", "ClassLibrary\ClassLibrary.csproj", "{77330370-98BD-4074-BE30-F0FF92809B3A}"
EndProject
Project("{FAE04EC0-301F-11D3-BF4B-00C04F79EFBC}") = "WinFormsApp", "WinFormsApp\WinFormsApp.csproj", "{59A6EDD3-B28D-42A4-A8F6-9A1396A045D6}"
EndProject
Global
	GlobalSection(SolutionConfigurationPlatforms) = preSolution
		Debug|Any CPU = Debug|Any CPU
		Release|Any CPU = Release|Any CPU
	EndGlobalSection
	GlobalSection(ProjectConfigurationPlatforms) = postSolution
		{77330370-98BD-4074-BE30-F0FF92809B3A}.Debug|Any CPU.ActiveCfg = Debug|Any CPU
		{77330370-98BD-4074-BE30-F0FF92809B3A}.Debug|Any CPU.Build.0 = Debug|Any CPU
		{77330370-98BD-4074-BE30-F0FF92809B3A}.Release|Any CPU.ActiveCfg = Release|Any CPU
		{77330370-98BD-4074-BE30-F0FF92809B3A}.Release|Any CPU.Build.0 = Release|Any CPU
		{59A6EDD3-B28D-42A4-A8F6-9A1396A045D6}.Debug|Any CPU.ActiveCfg = Debug|Any CPU
		{59A6EDD3-B28D-42A4-A8F6-9A1396A045D6}.Debug|Any CPU.Build.0 = Debug|Any CPU
		{59A6EDD3-B28D-42A4-A8F6-9A1396A045D6}.Release|Any CPU.ActiveCfg = Release|Any CPU
		{59A6EDD3-B28D-42A4-A8F6-9A1396A045D6}.Release|Any CPU.Build.0 = Release|Any CPU
	EndGlobalSection
	GlobalSection(SolutionProperties) = preSolution
		HideSolutionNode = FALSE
	EndGlobalSection
	GlobalSection(ExtensibilityGlobals) = postSolution
		SolutionGuid = {C7A81948-0BFF-43DC-9567-01E2854772D5}
	EndGlobalSection
EndGlobal
